[root]
name = "malachite-test"
version = "0.1.0"
dependencies = [
 "malachite 0.1.0",
 "malachite-gmp 0.1.0",
 "malachite-native 0.1.0",
 "num 0.1.37 (registry+https://github.com/rust-lang/crates.io-index)",
 "rand 0.3.15 (registry+https://github.com/rust-lang/crates.io-index)",
 "rugint 0.2.2 (registry+https://github.com/rust-lang/crates.io-index)",
 "rust-wheels 0.1.0",
]

[[package]]
name = "byte-tools"
version = "0.1.3"
source = "registry+https://github.com/rust-lang/crates.io-index"

[[package]]
name = "digest"
version = "0.4.0"
source = "registry+https://github.com/rust-lang/crates.io-index"
dependencies = [
 "generic-array 0.6.0 (registry+https://github.com/rust-lang/crates.io-index)",
]

[[package]]
name = "either"
version = "1.1.0"
source = "registry+https://github.com/rust-lang/crates.io-index"

[[package]]
name = "generic-array"
version = "0.6.0"
source = "registry+https://github.com/rust-lang/crates.io-index"
dependencies = [
 "nodrop 0.1.9 (registry+https://github.com/rust-lang/crates.io-index)",
 "typenum 1.9.0 (registry+https://github.com/rust-lang/crates.io-index)",
]

[[package]]
name = "gmp-mpfr-sys"
version = "0.6.0"
source = "registry+https://github.com/rust-lang/crates.io-index"

[[package]]
name = "gmp-mpfr-sys"
version = "1.0.3"
source = "registry+https://github.com/rust-lang/crates.io-index"

[[package]]
name = "gnuplot"
version = "0.0.22"
source = "registry+https://github.com/rust-lang/crates.io-index"

[[package]]
name = "itertools"
version = "0.5.10"
source = "registry+https://github.com/rust-lang/crates.io-index"
dependencies = [
 "either 1.1.0 (registry+https://github.com/rust-lang/crates.io-index)",
]

[[package]]
name = "kernel32-sys"
version = "0.2.2"
source = "registry+https://github.com/rust-lang/crates.io-index"
dependencies = [
 "winapi 0.2.8 (registry+https://github.com/rust-lang/crates.io-index)",
 "winapi-build 0.1.1 (registry+https://github.com/rust-lang/crates.io-index)",
]

[[package]]
name = "libc"
version = "0.2.23"
source = "registry+https://github.com/rust-lang/crates.io-index"

[[package]]
name = "malachite"
version = "0.1.0"
dependencies = [
 "malachite-gmp 0.1.0",
 "rand 0.3.15 (registry+https://github.com/rust-lang/crates.io-index)",
]

[[package]]
name = "malachite-gmp"
version = "0.1.0"
dependencies = [
 "gmp-mpfr-sys 0.6.0 (registry+https://github.com/rust-lang/crates.io-index)",
 "rand 0.3.15 (registry+https://github.com/rust-lang/crates.io-index)",
]

[[package]]
name = "malachite-native"
version = "0.1.0"
dependencies = [
 "rand 0.3.15 (registry+https://github.com/rust-lang/crates.io-index)",
]

[[package]]
name = "nodrop"
version = "0.1.9"
source = "registry+https://github.com/rust-lang/crates.io-index"
dependencies = [
 "odds 0.2.25 (registry+https://github.com/rust-lang/crates.io-index)",
]

[[package]]
name = "num"
version = "0.1.37"
source = "registry+https://github.com/rust-lang/crates.io-index"
dependencies = [
 "num-bigint 0.1.37 (registry+https://github.com/rust-lang/crates.io-index)",
 "num-complex 0.1.37 (registry+https://github.com/rust-lang/crates.io-index)",
 "num-integer 0.1.34 (registry+https://github.com/rust-lang/crates.io-index)",
 "num-iter 0.1.33 (registry+https://github.com/rust-lang/crates.io-index)",
 "num-rational 0.1.36 (registry+https://github.com/rust-lang/crates.io-index)",
 "num-traits 0.1.37 (registry+https://github.com/rust-lang/crates.io-index)",
]

[[package]]
name = "num-bigint"
version = "0.1.37"
source = "registry+https://github.com/rust-lang/crates.io-index"
dependencies = [
 "num-integer 0.1.34 (registry+https://github.com/rust-lang/crates.io-index)",
 "num-traits 0.1.37 (registry+https://github.com/rust-lang/crates.io-index)",
 "rand 0.3.15 (registry+https://github.com/rust-lang/crates.io-index)",
 "rustc-serialize 0.3.24 (registry+https://github.com/rust-lang/crates.io-index)",
]

[[package]]
name = "num-complex"
version = "0.1.37"
source = "registry+https://github.com/rust-lang/crates.io-index"
dependencies = [
 "num-traits 0.1.37 (registry+https://github.com/rust-lang/crates.io-index)",
 "rustc-serialize 0.3.24 (registry+https://github.com/rust-lang/crates.io-index)",
]

[[package]]
name = "num-integer"
version = "0.1.34"
source = "registry+https://github.com/rust-lang/crates.io-index"
dependencies = [
 "num-traits 0.1.37 (registry+https://github.com/rust-lang/crates.io-index)",
]

[[package]]
name = "num-iter"
version = "0.1.33"
source = "registry+https://github.com/rust-lang/crates.io-index"
dependencies = [
 "num-integer 0.1.34 (registry+https://github.com/rust-lang/crates.io-index)",
 "num-traits 0.1.37 (registry+https://github.com/rust-lang/crates.io-index)",
]

[[package]]
name = "num-rational"
version = "0.1.36"
source = "registry+https://github.com/rust-lang/crates.io-index"
dependencies = [
 "num-bigint 0.1.37 (registry+https://github.com/rust-lang/crates.io-index)",
 "num-integer 0.1.34 (registry+https://github.com/rust-lang/crates.io-index)",
 "num-traits 0.1.37 (registry+https://github.com/rust-lang/crates.io-index)",
 "rustc-serialize 0.3.24 (registry+https://github.com/rust-lang/crates.io-index)",
]

[[package]]
name = "num-traits"
version = "0.1.37"
source = "registry+https://github.com/rust-lang/crates.io-index"

[[package]]
name = "odds"
version = "0.2.25"
source = "registry+https://github.com/rust-lang/crates.io-index"

[[package]]
name = "rand"
version = "0.3.15"
source = "registry+https://github.com/rust-lang/crates.io-index"
dependencies = [
 "libc 0.2.23 (registry+https://github.com/rust-lang/crates.io-index)",
]

[[package]]
name = "redox_syscall"
version = "0.1.18"
source = "registry+https://github.com/rust-lang/crates.io-index"

[[package]]
name = "rugint"
version = "0.2.2"
source = "registry+https://github.com/rust-lang/crates.io-index"
dependencies = [
 "gmp-mpfr-sys 1.0.3 (registry+https://github.com/rust-lang/crates.io-index)",
 "rand 0.3.15 (registry+https://github.com/rust-lang/crates.io-index)",
]

[[package]]
name = "rust-wheels"
version = "0.1.0"
dependencies = [
 "gnuplot 0.0.22 (registry+https://github.com/rust-lang/crates.io-index)",
 "itertools 0.5.10 (registry+https://github.com/rust-lang/crates.io-index)",
 "malachite 0.1.0",
 "rand 0.3.15 (registry+https://github.com/rust-lang/crates.io-index)",
 "sha3 0.4.1 (registry+https://github.com/rust-lang/crates.io-index)",
 "streaming-stats 0.1.28 (registry+https://github.com/rust-lang/crates.io-index)",
 "time 0.1.37 (registry+https://github.com/rust-lang/crates.io-index)",
]

[[package]]
name = "rustc-serialize"
version = "0.3.24"
source = "registry+https://github.com/rust-lang/crates.io-index"

[[package]]
name = "sha3"
version = "0.4.1"
source = "registry+https://github.com/rust-lang/crates.io-index"
dependencies = [
 "byte-tools 0.1.3 (registry+https://github.com/rust-lang/crates.io-index)",
 "digest 0.4.0 (registry+https://github.com/rust-lang/crates.io-index)",
 "generic-array 0.6.0 (registry+https://github.com/rust-lang/crates.io-index)",
]

[[package]]
name = "streaming-stats"
version = "0.1.28"
source = "registry+https://github.com/rust-lang/crates.io-index"
dependencies = [
 "num 0.1.37 (registry+https://github.com/rust-lang/crates.io-index)",
]

[[package]]
name = "time"
version = "0.1.37"
source = "registry+https://github.com/rust-lang/crates.io-index"
dependencies = [
 "kernel32-sys 0.2.2 (registry+https://github.com/rust-lang/crates.io-index)",
 "libc 0.2.23 (registry+https://github.com/rust-lang/crates.io-index)",
 "redox_syscall 0.1.18 (registry+https://github.com/rust-lang/crates.io-index)",
 "winapi 0.2.8 (registry+https://github.com/rust-lang/crates.io-index)",
]

[[package]]
name = "typenum"
version = "1.9.0"
source = "registry+https://github.com/rust-lang/crates.io-index"

[[package]]
name = "winapi"
version = "0.2.8"
source = "registry+https://github.com/rust-lang/crates.io-index"

[[package]]
name = "winapi-build"
version = "0.1.1"
source = "registry+https://github.com/rust-lang/crates.io-index"

[metadata]
"checksum byte-tools 0.1.3 (registry+https://github.com/rust-lang/crates.io-index)" = "0919189ba800c7ffe8778278116b7e0de3905ab81c72abb69c85cbfef7991279"
"checksum digest 0.4.0 (registry+https://github.com/rust-lang/crates.io-index)" = "41a0f307b67d9f0e57edc00804d3146f9f889fe8b2422825566c8e8dd2b5733c"
"checksum either 1.1.0 (registry+https://github.com/rust-lang/crates.io-index)" = "18785c1ba806c258137c937e44ada9ee7e69a37e3c72077542cd2f069d78562a"
"checksum generic-array 0.6.0 (registry+https://github.com/rust-lang/crates.io-index)" = "7229d82657e79be00d5f2a110a973ab5340681b945cf1bc022be7cfebf2dc00c"
"checksum gmp-mpfr-sys 0.6.0 (registry+https://github.com/rust-lang/crates.io-index)" = "98868b8f0e3833ec9225124b858188789107ce3f18fddd05ed0336a72bf62ed9"
"checksum gmp-mpfr-sys 1.0.3 (registry+https://github.com/rust-lang/crates.io-index)" = "0f0f2149b2f33847eb6c84034f320d53d804a11144f431e67ff68bbeedf48f09"
"checksum gnuplot 0.0.22 (registry+https://github.com/rust-lang/crates.io-index)" = "c37cb0149f34c62e6d0c5bf9a8c37ff8ff9d9f588ccff2aa76bd247c7ebbef97"
"checksum itertools 0.5.10 (registry+https://github.com/rust-lang/crates.io-index)" = "4833d6978da405305126af4ac88569b5d71ff758581ce5a987dbfa3755f694fc"
"checksum kernel32-sys 0.2.2 (registry+https://github.com/rust-lang/crates.io-index)" = "7507624b29483431c0ba2d82aece8ca6cdba9382bff4ddd0f7490560c056098d"
"checksum libc 0.2.23 (registry+https://github.com/rust-lang/crates.io-index)" = "e7eb6b826bfc1fdea7935d46556250d1799b7fe2d9f7951071f4291710665e3e"
"checksum nodrop 0.1.9 (registry+https://github.com/rust-lang/crates.io-index)" = "52cd74cd09beba596430cc6e3091b74007169a56246e1262f0ba451ea95117b2"
"checksum num 0.1.37 (registry+https://github.com/rust-lang/crates.io-index)" = "98b15ba84e910ea7a1973bccd3df7b31ae282bf9d8bd2897779950c9b8303d40"
"checksum num-bigint 0.1.37 (registry+https://github.com/rust-lang/crates.io-index)" = "ba6d838b16e56da1b6c383d065ff1ec3c7d7797f65a3e8f6ba7092fd87820bac"
"checksum num-complex 0.1.37 (registry+https://github.com/rust-lang/crates.io-index)" = "148eb324ca772230853418731ffdf13531738b50f89b30692a01fcdcb0a64677"
"checksum num-integer 0.1.34 (registry+https://github.com/rust-lang/crates.io-index)" = "ef1a4bf6f9174aa5783a9b4cc892cacd11aebad6c69ad027a0b65c6ca5f8aa37"
"checksum num-iter 0.1.33 (registry+https://github.com/rust-lang/crates.io-index)" = "f7d1891bd7b936f12349b7d1403761c8a0b85a18b148e9da4429d5d102c1a41e"
"checksum num-rational 0.1.36 (registry+https://github.com/rust-lang/crates.io-index)" = "c2dc5ea04020a8f18318ae485c751f8cfa1c0e69dcf465c29ddaaa64a313cc44"
"checksum num-traits 0.1.37 (registry+https://github.com/rust-lang/crates.io-index)" = "e1cbfa3781f3fe73dc05321bed52a06d2d491eaa764c52335cf4399f046ece99"
"checksum odds 0.2.25 (registry+https://github.com/rust-lang/crates.io-index)" = "c3df9b730298cea3a1c3faa90b7e2f9df3a9c400d0936d6015e6165734eefcba"
"checksum rand 0.3.15 (registry+https://github.com/rust-lang/crates.io-index)" = "022e0636ec2519ddae48154b028864bdce4eaf7d35226ab8e65c611be97b189d"
"checksum redox_syscall 0.1.18 (registry+https://github.com/rust-lang/crates.io-index)" = "3041aeb6000db123d2c9c751433f526e1f404b23213bd733167ab770c3989b4d"
"checksum rugint 0.2.2 (registry+https://github.com/rust-lang/crates.io-index)" = "2183682d7d8b18f03c2e419e9b628ef1c6b7751d2d8977fda0715b78f7036e10"
"checksum rustc-serialize 0.3.24 (registry+https://github.com/rust-lang/crates.io-index)" = "dcf128d1287d2ea9d80910b5f1120d0b8eede3fbf1abe91c40d39ea7d51e6fda"
"checksum sha3 0.4.1 (registry+https://github.com/rust-lang/crates.io-index)" = "47e72786a5f51fbce3ba5485ef4fcbff99eda815d2e0a3c619460cd90e2a660c"
"checksum streaming-stats 0.1.28 (registry+https://github.com/rust-lang/crates.io-index)" = "f13d0cd680e11a62c5e125d9799debfb39fcfff9a2ef416336ce748f65018b89"
"checksum time 0.1.37 (registry+https://github.com/rust-lang/crates.io-index)" = "ffd7ccbf969a892bf83f1e441126968a07a3941c24ff522a26af9f9f4585d1a3"
"checksum typenum 1.9.0 (registry+https://github.com/rust-lang/crates.io-index)" = "13a99dc6780ef33c78780b826cf9d2a78840b72cae9474de4bcaf9051e60ebbd"
"checksum winapi 0.2.8 (registry+https://github.com/rust-lang/crates.io-index)" = "167dc9d6949a9b857f3451275e911c3f44255842c1f7a76f33c55103a909087a"
"checksum winapi-build 0.1.1 (registry+https://github.com/rust-lang/crates.io-index)" = "2d315eee3b34aca4797b2da6b13ed88266e6d612562a0c46390af8299fc699bc"
