# This file is automatically @generated by Cargo.
# It is not intended for manual editing.
[[package]]
name = "malachite-base"
version = "0.1.0"
dependencies = [
 "malachite-base-test-util 0.1.0",
]

[[package]]
name = "malachite-base-test-util"
version = "0.1.0"
dependencies = [
 "malachite-base 0.1.0",
]

