[[package]]
name = "bitflags"
version = "1.0.1"
source = "registry+https://github.com/rust-lang/crates.io-index"

[[package]]
name = "fuchsia-zircon"
version = "0.3.2"
source = "registry+https://github.com/rust-lang/crates.io-index"
dependencies = [
 "bitflags 1.0.1 (registry+https://github.com/rust-lang/crates.io-index)",
 "fuchsia-zircon-sys 0.3.2 (registry+https://github.com/rust-lang/crates.io-index)",
]

[[package]]
name = "fuchsia-zircon-sys"
version = "0.3.2"
source = "registry+https://github.com/rust-lang/crates.io-index"

[[package]]
name = "gmp-mpfr-sys"
version = "0.6.0"
source = "registry+https://github.com/rust-lang/crates.io-index"

[[package]]
name = "libc"
version = "0.2.35"
source = "registry+https://github.com/rust-lang/crates.io-index"

[[package]]
name = "malachite-base"
version = "0.1.0"

[[package]]
name = "malachite-gmp"
version = "0.1.0"
dependencies = [
 "gmp-mpfr-sys 0.6.0 (registry+https://github.com/rust-lang/crates.io-index)",
 "malachite-base 0.1.0",
 "rand 0.3.19 (registry+https://github.com/rust-lang/crates.io-index)",
]

[[package]]
name = "rand"
version = "0.3.19"
source = "registry+https://github.com/rust-lang/crates.io-index"
dependencies = [
 "fuchsia-zircon 0.3.2 (registry+https://github.com/rust-lang/crates.io-index)",
 "libc 0.2.35 (registry+https://github.com/rust-lang/crates.io-index)",
]

[metadata]
"checksum bitflags 1.0.1 (registry+https://github.com/rust-lang/crates.io-index)" = "b3c30d3802dfb7281680d6285f2ccdaa8c2d8fee41f93805dba5c4cf50dc23cf"
"checksum fuchsia-zircon 0.3.2 (registry+https://github.com/rust-lang/crates.io-index)" = "bd510087c325af53ba24f3be8f1c081b0982319adcb8b03cad764512923ccc19"
"checksum fuchsia-zircon-sys 0.3.2 (registry+https://github.com/rust-lang/crates.io-index)" = "08b3a6f13ad6b96572b53ce7af74543132f1a7055ccceb6d073dd36c54481859"
"checksum gmp-mpfr-sys 0.6.0 (registry+https://github.com/rust-lang/crates.io-index)" = "98868b8f0e3833ec9225124b858188789107ce3f18fddd05ed0336a72bf62ed9"
"checksum libc 0.2.35 (registry+https://github.com/rust-lang/crates.io-index)" = "96264e9b293e95d25bfcbbf8a88ffd1aedc85b754eba8b7d78012f638ba220eb"
"checksum rand 0.3.19 (registry+https://github.com/rust-lang/crates.io-index)" = "9e7944d95d25ace8f377da3ac7068ce517e4c646754c43a1b1849177bbf72e59"
